
Microsoft Visual Studio Solution File, Format Version 12.00
# Visual Studio Version 17
VisualStudioVersion = 17.1.32228.430
MinimumVisualStudioVersion = 10.0.40219.1
Project("{9A19103F-16F7-4668-BE54-9A1E7A4F7556}") = "MCServerHandler", "MCServerHandler\MCServerHandler.csproj", "{7EDB49AA-9B4F-44FC-A4C5-8C167276F16E}"
EndProject
Project("{9A19103F-16F7-4668-BE54-9A1E7A4F7556}") = "Sandbox", "Sandbox\Sandbox.csproj", "{F6A0C4E3-8433-4C09-AB0A-57263CB4F368}"
EndProject
Project("{9A19103F-16F7-4668-BE54-9A1E7A4F7556}") = "DiscordBot", "DiscordBot\DiscordBot.csproj", "{EEF1CB9C-CA8D-47C3-8EE1-420AD1D06351}"
EndProject
Project("{9A19103F-16F7-4668-BE54-9A1E7A4F7556}") = "Loggers", "Loggers\Loggers.csproj", "{A8AFBEA1-3E61-4C12-A672-49B3913F523C}"
EndProject
Project("{9A19103F-16F7-4668-BE54-9A1E7A4F7556}") = "Application", "Application\Application.csproj", "{5F2EBE5F-7E86-42C3-94AF-E8455446AFB7}"
EndProject
Project("{9A19103F-16F7-4668-BE54-9A1E7A4F7556}") = "MCWebApp", "MCWebApp\MCWebApp.csproj", "{92B8F99F-1A50-4CEB-BC81-24E2648D770E}"
EndProject
Project("{9A19103F-16F7-4668-BE54-9A1E7A4F7556}") = "DataStorageTest", "DataStorageTest\DataStorageTest.csproj", "{86FDB359-3687-446D-9EA2-627507FE8B99}"
EndProject
Project("{2150E333-8FDC-42A3-9474-1A3956D46DE8}") = "DataTier", "DataTier", "{57C70874-3C62-4322-93BE-D02D817BE738}"
EndProject
Project("{2150E333-8FDC-42A3-9474-1A3956D46DE8}") = "Logic", "Logic", "{E8A4F788-F80B-4570-A510-8FA88E505635}"
EndProject
Project("{2150E333-8FDC-42A3-9474-1A3956D46DE8}") = "Presentation", "Presentation", "{AFD935ED-C171-44B6-8CA6-6846E8EE9E0E}"
EndProject
Project("{9A19103F-16F7-4668-BE54-9A1E7A4F7556}") = "MCWebAPI", "MCWebAPI\MCWebAPI.csproj", "{E15F4B95-E824-4362-989B-5194CEC4C161}"
EndProject
Project("{9A19103F-16F7-4668-BE54-9A1E7A4F7556}") = "Shared", "Shared\Shared.csproj", "{D12253FE-90CD-4D9F-85C3-102EBDE5F520}"
EndProject
Project("{2150E333-8FDC-42A3-9474-1A3956D46DE8}") = "LogicAPI", "LogicAPI", "{ABEB08F5-43D3-4D8E-9FD1-28362A396136}"
EndProject
Project("{9A19103F-16F7-4668-BE54-9A1E7A4F7556}") = "DataStorageSQLite", "DataStorageSQLite\DataStorageSQLite.csproj", "{46F9BF99-239E-41C5-9244-25BB0DDC4F67}"
EndProject
Project("{9A19103F-16F7-4668-BE54-9A1E7A4F7556}") = "MCServerDotNet", "MCServerDotNet\MCServerDotNet.csproj", "{34A19440-0132-48F0-A91B-D69E7C842757}"
EndProject
Project("{2150E333-8FDC-42A3-9474-1A3956D46DE8}") = "APIs", "APIs", "{A9BF50AB-A7DC-436F-A79C-2420534D1638}"
EndProject
Project("{9A19103F-16F7-4668-BE54-9A1E7A4F7556}") = "APIModel", "APIModel\APIModel.csproj", "{45EB2B4F-7AB5-488B-8D2E-1953020FBC33}"
EndProject
Project("{FAE04EC0-301F-11D3-BF4B-00C04F79EFBC}") = "HamachiCli", "HamachiCli\HamachiCli.csproj", "{3FC3FF89-A47C-467A-BB71-FBE17BD5DE3A}"
EndProject
Global
	GlobalSection(SolutionConfigurationPlatforms) = preSolution
		Debug|Any CPU = Debug|Any CPU
		Release|Any CPU = Release|Any CPU
	EndGlobalSection
	GlobalSection(ProjectConfigurationPlatforms) = postSolution
		{7EDB49AA-9B4F-44FC-A4C5-8C167276F16E}.Debug|Any CPU.ActiveCfg = Debug|Any CPU
		{7EDB49AA-9B4F-44FC-A4C5-8C167276F16E}.Debug|Any CPU.Build.0 = Debug|Any CPU
		{7EDB49AA-9B4F-44FC-A4C5-8C167276F16E}.Release|Any CPU.ActiveCfg = Release|Any CPU
		{7EDB49AA-9B4F-44FC-A4C5-8C167276F16E}.Release|Any CPU.Build.0 = Release|Any CPU
		{F6A0C4E3-8433-4C09-AB0A-57263CB4F368}.Debug|Any CPU.ActiveCfg = Debug|Any CPU
		{F6A0C4E3-8433-4C09-AB0A-57263CB4F368}.Debug|Any CPU.Build.0 = Debug|Any CPU
		{F6A0C4E3-8433-4C09-AB0A-57263CB4F368}.Release|Any CPU.ActiveCfg = Release|Any CPU
		{F6A0C4E3-8433-4C09-AB0A-57263CB4F368}.Release|Any CPU.Build.0 = Release|Any CPU
		{EEF1CB9C-CA8D-47C3-8EE1-420AD1D06351}.Debug|Any CPU.ActiveCfg = Debug|Any CPU
		{EEF1CB9C-CA8D-47C3-8EE1-420AD1D06351}.Debug|Any CPU.Build.0 = Debug|Any CPU
		{EEF1CB9C-CA8D-47C3-8EE1-420AD1D06351}.Release|Any CPU.ActiveCfg = Release|Any CPU
		{EEF1CB9C-CA8D-47C3-8EE1-420AD1D06351}.Release|Any CPU.Build.0 = Release|Any CPU
		{A8AFBEA1-3E61-4C12-A672-49B3913F523C}.Debug|Any CPU.ActiveCfg = Debug|Any CPU
		{A8AFBEA1-3E61-4C12-A672-49B3913F523C}.Debug|Any CPU.Build.0 = Debug|Any CPU
		{A8AFBEA1-3E61-4C12-A672-49B3913F523C}.Release|Any CPU.ActiveCfg = Release|Any CPU
		{A8AFBEA1-3E61-4C12-A672-49B3913F523C}.Release|Any CPU.Build.0 = Release|Any CPU
		{5F2EBE5F-7E86-42C3-94AF-E8455446AFB7}.Debug|Any CPU.ActiveCfg = Debug|Any CPU
		{5F2EBE5F-7E86-42C3-94AF-E8455446AFB7}.Debug|Any CPU.Build.0 = Debug|Any CPU
		{5F2EBE5F-7E86-42C3-94AF-E8455446AFB7}.Release|Any CPU.ActiveCfg = Release|Any CPU
		{5F2EBE5F-7E86-42C3-94AF-E8455446AFB7}.Release|Any CPU.Build.0 = Release|Any CPU
		{92B8F99F-1A50-4CEB-BC81-24E2648D770E}.Debug|Any CPU.ActiveCfg = Debug|Any CPU
		{92B8F99F-1A50-4CEB-BC81-24E2648D770E}.Debug|Any CPU.Build.0 = Debug|Any CPU
		{92B8F99F-1A50-4CEB-BC81-24E2648D770E}.Release|Any CPU.ActiveCfg = Release|Any CPU
		{92B8F99F-1A50-4CEB-BC81-24E2648D770E}.Release|Any CPU.Build.0 = Release|Any CPU
		{86FDB359-3687-446D-9EA2-627507FE8B99}.Debug|Any CPU.ActiveCfg = Debug|Any CPU
		{86FDB359-3687-446D-9EA2-627507FE8B99}.Debug|Any CPU.Build.0 = Debug|Any CPU
		{86FDB359-3687-446D-9EA2-627507FE8B99}.Release|Any CPU.ActiveCfg = Release|Any CPU
		{86FDB359-3687-446D-9EA2-627507FE8B99}.Release|Any CPU.Build.0 = Release|Any CPU
		{E15F4B95-E824-4362-989B-5194CEC4C161}.Debug|Any CPU.ActiveCfg = Debug|Any CPU
		{E15F4B95-E824-4362-989B-5194CEC4C161}.Debug|Any CPU.Build.0 = Debug|Any CPU
		{E15F4B95-E824-4362-989B-5194CEC4C161}.Release|Any CPU.ActiveCfg = Release|Any CPU
		{E15F4B95-E824-4362-989B-5194CEC4C161}.Release|Any CPU.Build.0 = Release|Any CPU
		{D12253FE-90CD-4D9F-85C3-102EBDE5F520}.Debug|Any CPU.ActiveCfg = Debug|Any CPU
		{D12253FE-90CD-4D9F-85C3-102EBDE5F520}.Debug|Any CPU.Build.0 = Debug|Any CPU
		{D12253FE-90CD-4D9F-85C3-102EBDE5F520}.Release|Any CPU.ActiveCfg = Release|Any CPU
		{D12253FE-90CD-4D9F-85C3-102EBDE5F520}.Release|Any CPU.Build.0 = Release|Any CPU
		{46F9BF99-239E-41C5-9244-25BB0DDC4F67}.Debug|Any CPU.ActiveCfg = Debug|Any CPU
		{46F9BF99-239E-41C5-9244-25BB0DDC4F67}.Debug|Any CPU.Build.0 = Debug|Any CPU
		{46F9BF99-239E-41C5-9244-25BB0DDC4F67}.Release|Any CPU.ActiveCfg = Release|Any CPU
		{46F9BF99-239E-41C5-9244-25BB0DDC4F67}.Release|Any CPU.Build.0 = Release|Any CPU
		{34A19440-0132-48F0-A91B-D69E7C842757}.Debug|Any CPU.ActiveCfg = Debug|Any CPU
		{34A19440-0132-48F0-A91B-D69E7C842757}.Debug|Any CPU.Build.0 = Debug|Any CPU
		{34A19440-0132-48F0-A91B-D69E7C842757}.Release|Any CPU.ActiveCfg = Release|Any CPU
		{34A19440-0132-48F0-A91B-D69E7C842757}.Release|Any CPU.Build.0 = Release|Any CPU
		{45EB2B4F-7AB5-488B-8D2E-1953020FBC33}.Debug|Any CPU.ActiveCfg = Debug|Any CPU
		{45EB2B4F-7AB5-488B-8D2E-1953020FBC33}.Debug|Any CPU.Build.0 = Debug|Any CPU
		{45EB2B4F-7AB5-488B-8D2E-1953020FBC33}.Release|Any CPU.ActiveCfg = Release|Any CPU
		{45EB2B4F-7AB5-488B-8D2E-1953020FBC33}.Release|Any CPU.Build.0 = Release|Any CPU
		{3FC3FF89-A47C-467A-BB71-FBE17BD5DE3A}.Debug|Any CPU.ActiveCfg = Debug|Any CPU
		{3FC3FF89-A47C-467A-BB71-FBE17BD5DE3A}.Debug|Any CPU.Build.0 = Debug|Any CPU
		{3FC3FF89-A47C-467A-BB71-FBE17BD5DE3A}.Release|Any CPU.ActiveCfg = Release|Any CPU
		{3FC3FF89-A47C-467A-BB71-FBE17BD5DE3A}.Release|Any CPU.Build.0 = Release|Any CPU
	EndGlobalSection
	GlobalSection(SolutionProperties) = preSolution
		HideSolutionNode = FALSE
	EndGlobalSection
	GlobalSection(NestedProjects) = preSolution
		{7EDB49AA-9B4F-44FC-A4C5-8C167276F16E} = {E8A4F788-F80B-4570-A510-8FA88E505635}
		{EEF1CB9C-CA8D-47C3-8EE1-420AD1D06351} = {AFD935ED-C171-44B6-8CA6-6846E8EE9E0E}
		{A8AFBEA1-3E61-4C12-A672-49B3913F523C} = {E8A4F788-F80B-4570-A510-8FA88E505635}
		{5F2EBE5F-7E86-42C3-94AF-E8455446AFB7} = {E8A4F788-F80B-4570-A510-8FA88E505635}
		{92B8F99F-1A50-4CEB-BC81-24E2648D770E} = {AFD935ED-C171-44B6-8CA6-6846E8EE9E0E}
		{86FDB359-3687-446D-9EA2-627507FE8B99} = {57C70874-3C62-4322-93BE-D02D817BE738}
		{E15F4B95-E824-4362-989B-5194CEC4C161} = {ABEB08F5-43D3-4D8E-9FD1-28362A396136}
		{D12253FE-90CD-4D9F-85C3-102EBDE5F520} = {E8A4F788-F80B-4570-A510-8FA88E505635}
		{46F9BF99-239E-41C5-9244-25BB0DDC4F67} = {57C70874-3C62-4322-93BE-D02D817BE738}
		{34A19440-0132-48F0-A91B-D69E7C842757} = {A9BF50AB-A7DC-436F-A79C-2420534D1638}
		{A9BF50AB-A7DC-436F-A79C-2420534D1638} = {AFD935ED-C171-44B6-8CA6-6846E8EE9E0E}
		{45EB2B4F-7AB5-488B-8D2E-1953020FBC33} = {ABEB08F5-43D3-4D8E-9FD1-28362A396136}
		{3FC3FF89-A47C-467A-BB71-FBE17BD5DE3A} = {E8A4F788-F80B-4570-A510-8FA88E505635}
	EndGlobalSection
	GlobalSection(ExtensibilityGlobals) = postSolution
		SolutionGuid = {4285A17D-FC0E-44FE-869F-7AACEFFF0290}
	EndGlobalSection
EndGlobal
