
Microsoft Visual Studio Solution File, Format Version 12.00
# Visual Studio Version 17
VisualStudioVersion = 17.1.32228.430
MinimumVisualStudioVersion = 10.0.40219.1
Project("{9A19103F-16F7-4668-BE54-9A1E7A4F7556}") = "MCWebServer", "MCWebServer\MCWebServer.csproj", "{0826C131-CBEB-4EA7-A13A-A640B9F80BD9}"
EndProject
Project("{9A19103F-16F7-4668-BE54-9A1E7A4F7556}") = "MCServerHandler", "MCServerHandler\MCServerHandler.csproj", "{7EDB49AA-9B4F-44FC-A4C5-8C167276F16E}"
EndProject
Project("{9A19103F-16F7-4668-BE54-9A1E7A4F7556}") = "Sandbox", "Sandbox\Sandbox.csproj", "{F6A0C4E3-8433-4C09-AB0A-57263CB4F368}"
EndProject
Project("{9A19103F-16F7-4668-BE54-9A1E7A4F7556}") = "DiscordBot", "DiscordBot\DiscordBot.csproj", "{EEF1CB9C-CA8D-47C3-8EE1-420AD1D06351}"
EndProject
Project("{9A19103F-16F7-4668-BE54-9A1E7A4F7556}") = "Loggers", "Loggers\Loggers.csproj", "{A8AFBEA1-3E61-4C12-A672-49B3913F523C}"
EndProject
Project("{9A19103F-16F7-4668-BE54-9A1E7A4F7556}") = "Application", "Application\Application.csproj", "{5F2EBE5F-7E86-42C3-94AF-E8455446AFB7}"
EndProject
Project("{9A19103F-16F7-4668-BE54-9A1E7A4F7556}") = "HamachiHelper", "HamachiHelper\HamachiHelper.csproj", "{77211A9E-B5E3-4CC7-BD75-E97F24CCB44C}"
EndProject
Project("{FAE04EC0-301F-11D3-BF4B-00C04F79EFBC}") = "MCWebApp", "MCWebApp\MCWebApp.csproj", "{92B8F99F-1A50-4CEB-BC81-24E2648D770E}"
EndProject
Global
	GlobalSection(SolutionConfigurationPlatforms) = preSolution
		Debug|Any CPU = Debug|Any CPU
		Release|Any CPU = Release|Any CPU
	EndGlobalSection
	GlobalSection(ProjectConfigurationPlatforms) = postSolution
		{0826C131-CBEB-4EA7-A13A-A640B9F80BD9}.Debug|Any CPU.ActiveCfg = Debug|Any CPU
		{0826C131-CBEB-4EA7-A13A-A640B9F80BD9}.Debug|Any CPU.Build.0 = Debug|Any CPU
		{0826C131-CBEB-4EA7-A13A-A640B9F80BD9}.Release|Any CPU.ActiveCfg = Release|Any CPU
		{0826C131-CBEB-4EA7-A13A-A640B9F80BD9}.Release|Any CPU.Build.0 = Release|Any CPU
		{7EDB49AA-9B4F-44FC-A4C5-8C167276F16E}.Debug|Any CPU.ActiveCfg = Debug|Any CPU
		{7EDB49AA-9B4F-44FC-A4C5-8C167276F16E}.Debug|Any CPU.Build.0 = Debug|Any CPU
		{7EDB49AA-9B4F-44FC-A4C5-8C167276F16E}.Release|Any CPU.ActiveCfg = Release|Any CPU
		{7EDB49AA-9B4F-44FC-A4C5-8C167276F16E}.Release|Any CPU.Build.0 = Release|Any CPU
		{F6A0C4E3-8433-4C09-AB0A-57263CB4F368}.Debug|Any CPU.ActiveCfg = Debug|Any CPU
		{F6A0C4E3-8433-4C09-AB0A-57263CB4F368}.Debug|Any CPU.Build.0 = Debug|Any CPU
		{F6A0C4E3-8433-4C09-AB0A-57263CB4F368}.Release|Any CPU.ActiveCfg = Release|Any CPU
		{F6A0C4E3-8433-4C09-AB0A-57263CB4F368}.Release|Any CPU.Build.0 = Release|Any CPU
		{EEF1CB9C-CA8D-47C3-8EE1-420AD1D06351}.Debug|Any CPU.ActiveCfg = Debug|Any CPU
		{EEF1CB9C-CA8D-47C3-8EE1-420AD1D06351}.Debug|Any CPU.Build.0 = Debug|Any CPU
		{EEF1CB9C-CA8D-47C3-8EE1-420AD1D06351}.Release|Any CPU.ActiveCfg = Release|Any CPU
		{EEF1CB9C-CA8D-47C3-8EE1-420AD1D06351}.Release|Any CPU.Build.0 = Release|Any CPU
		{A8AFBEA1-3E61-4C12-A672-49B3913F523C}.Debug|Any CPU.ActiveCfg = Debug|Any CPU
		{A8AFBEA1-3E61-4C12-A672-49B3913F523C}.Debug|Any CPU.Build.0 = Debug|Any CPU
		{A8AFBEA1-3E61-4C12-A672-49B3913F523C}.Release|Any CPU.ActiveCfg = Release|Any CPU
		{A8AFBEA1-3E61-4C12-A672-49B3913F523C}.Release|Any CPU.Build.0 = Release|Any CPU
		{5F2EBE5F-7E86-42C3-94AF-E8455446AFB7}.Debug|Any CPU.ActiveCfg = Debug|Any CPU
		{5F2EBE5F-7E86-42C3-94AF-E8455446AFB7}.Debug|Any CPU.Build.0 = Debug|Any CPU
		{5F2EBE5F-7E86-42C3-94AF-E8455446AFB7}.Release|Any CPU.ActiveCfg = Release|Any CPU
		{5F2EBE5F-7E86-42C3-94AF-E8455446AFB7}.Release|Any CPU.Build.0 = Release|Any CPU
		{77211A9E-B5E3-4CC7-BD75-E97F24CCB44C}.Debug|Any CPU.ActiveCfg = Debug|Any CPU
		{77211A9E-B5E3-4CC7-BD75-E97F24CCB44C}.Debug|Any CPU.Build.0 = Debug|Any CPU
		{77211A9E-B5E3-4CC7-BD75-E97F24CCB44C}.Release|Any CPU.ActiveCfg = Release|Any CPU
		{77211A9E-B5E3-4CC7-BD75-E97F24CCB44C}.Release|Any CPU.Build.0 = Release|Any CPU
		{92B8F99F-1A50-4CEB-BC81-24E2648D770E}.Debug|Any CPU.ActiveCfg = Debug|Any CPU
		{92B8F99F-1A50-4CEB-BC81-24E2648D770E}.Debug|Any CPU.Build.0 = Debug|Any CPU
		{92B8F99F-1A50-4CEB-BC81-24E2648D770E}.Release|Any CPU.ActiveCfg = Release|Any CPU
		{92B8F99F-1A50-4CEB-BC81-24E2648D770E}.Release|Any CPU.Build.0 = Release|Any CPU
	EndGlobalSection
	GlobalSection(SolutionProperties) = preSolution
		HideSolutionNode = FALSE
	EndGlobalSection
	GlobalSection(ExtensibilityGlobals) = postSolution
		SolutionGuid = {4285A17D-FC0E-44FE-869F-7AACEFFF0290}
	EndGlobalSection
EndGlobal
