
Microsoft Visual Studio Solution File, Format Version 12.00
# Visual Studio Version 17
VisualStudioVersion = 17.1.32228.430
MinimumVisualStudioVersion = 10.0.40219.1
Project("{9A19103F-16F7-4668-BE54-9A1E7A4F7556}") = "MCServerBot", "MCServerBot\MCServerBot.csproj", "{E241CB58-72D8-49CC-9B69-C622F7F27220}"
EndProject
Project("{9A19103F-16F7-4668-BE54-9A1E7A4F7556}") = "MCWebServer", "MCWebServer\MCWebServer.csproj", "{0826C131-CBEB-4EA7-A13A-A640B9F80BD9}"
EndProject
Project("{9A19103F-16F7-4668-BE54-9A1E7A4F7556}") = "MCServerHandler", "MCServerHandler\MCServerHandler.csproj", "{7EDB49AA-9B4F-44FC-A4C5-8C167276F16E}"
EndProject
Project("{9A19103F-16F7-4668-BE54-9A1E7A4F7556}") = "Sandbox", "Sandbox\Sandbox.csproj", "{F6A0C4E3-8433-4C09-AB0A-57263CB4F368}"
EndProject
Global
	GlobalSection(SolutionConfigurationPlatforms) = preSolution
		Debug|Any CPU = Debug|Any CPU
		Release|Any CPU = Release|Any CPU
	EndGlobalSection
	GlobalSection(ProjectConfigurationPlatforms) = postSolution
		{E241CB58-72D8-49CC-9B69-C622F7F27220}.Debug|Any CPU.ActiveCfg = Debug|Any CPU
		{E241CB58-72D8-49CC-9B69-C622F7F27220}.Debug|Any CPU.Build.0 = Debug|Any CPU
		{E241CB58-72D8-49CC-9B69-C622F7F27220}.Release|Any CPU.ActiveCfg = Release|Any CPU
		{E241CB58-72D8-49CC-9B69-C622F7F27220}.Release|Any CPU.Build.0 = Release|Any CPU
		{0826C131-CBEB-4EA7-A13A-A640B9F80BD9}.Debug|Any CPU.ActiveCfg = Debug|Any CPU
		{0826C131-CBEB-4EA7-A13A-A640B9F80BD9}.Debug|Any CPU.Build.0 = Debug|Any CPU
		{0826C131-CBEB-4EA7-A13A-A640B9F80BD9}.Release|Any CPU.ActiveCfg = Release|Any CPU
		{0826C131-CBEB-4EA7-A13A-A640B9F80BD9}.Release|Any CPU.Build.0 = Release|Any CPU
		{7EDB49AA-9B4F-44FC-A4C5-8C167276F16E}.Debug|Any CPU.ActiveCfg = Debug|Any CPU
		{7EDB49AA-9B4F-44FC-A4C5-8C167276F16E}.Debug|Any CPU.Build.0 = Debug|Any CPU
		{7EDB49AA-9B4F-44FC-A4C5-8C167276F16E}.Release|Any CPU.ActiveCfg = Release|Any CPU
		{7EDB49AA-9B4F-44FC-A4C5-8C167276F16E}.Release|Any CPU.Build.0 = Release|Any CPU
		{F6A0C4E3-8433-4C09-AB0A-57263CB4F368}.Debug|Any CPU.ActiveCfg = Debug|Any CPU
		{F6A0C4E3-8433-4C09-AB0A-57263CB4F368}.Debug|Any CPU.Build.0 = Debug|Any CPU
		{F6A0C4E3-8433-4C09-AB0A-57263CB4F368}.Release|Any CPU.ActiveCfg = Release|Any CPU
		{F6A0C4E3-8433-4C09-AB0A-57263CB4F368}.Release|Any CPU.Build.0 = Release|Any CPU
	EndGlobalSection
	GlobalSection(SolutionProperties) = preSolution
		HideSolutionNode = FALSE
	EndGlobalSection
	GlobalSection(ExtensibilityGlobals) = postSolution
		SolutionGuid = {4285A17D-FC0E-44FE-869F-7AACEFFF0290}
	EndGlobalSection
EndGlobal
